// !$*UTF8*$!
{
	archiveVersion = 1;
	classes = {
	};
	objectVersion = 46;
	objects = {

/* Begin PBXBuildFile section */
		28BA222C18D223690083A8E9 /* Automator.framework in Frameworks */ = {isa = PBXBuildFile; fileRef = 28BA222B18D223690083A8E9 /* Automator.framework */; };
		28BA222E18D223690083A8E9 /* Cocoa.framework in Frameworks */ = {isa = PBXBuildFile; fileRef = 28BA222D18D223690083A8E9 /* Cocoa.framework */; };
		28BA223818D223690083A8E9 /* InfoPlist.strings in Resources */ = {isa = PBXBuildFile; fileRef = 28BA223618D223690083A8E9 /* InfoPlist.strings */; };
		28BA223B18D223690083A8E9 /* Select_Random_Items.m in Sources */ = {isa = PBXBuildFile; fileRef = 28BA223A18D223690083A8E9 /* Select_Random_Items.m */; };
		28BA223E18D223690083A8E9 /* main.xib in Resources */ = {isa = PBXBuildFile; fileRef = 28BA223C18D223690083A8E9 /* main.xib */; };
/* End PBXBuildFile section */

/* Begin PBXFileReference section */
		28BA222818D223690083A8E9 /* Select Random Items.action */ = {isa = PBXFileReference; explicitFileType = wrapper.cfbundle; includeInIndex = 0; path = "Select Random Items.action"; sourceTree = BUILT_PRODUCTS_DIR; };
		28BA222B18D223690083A8E9 /* Automator.framework */ = {isa = PBXFileReference; lastKnownFileType = wrapper.framework; name = Automator.framework; path = System/Library/Frameworks/Automator.framework; sourceTree = SDKROOT; };
		28BA222D18D223690083A8E9 /* Cocoa.framework */ = {isa = PBXFileReference; lastKnownFileType = wrapper.framework; name = Cocoa.framework; path = System/Library/Frameworks/Cocoa.framework; sourceTree = SDKROOT; };
		28BA223018D223690083A8E9 /* Foundation.framework */ = {isa = PBXFileReference; lastKnownFileType = wrapper.framework; name = Foundation.framework; path = System/Library/Frameworks/Foundation.framework; sourceTree = SDKROOT; };
		28BA223118D223690083A8E9 /* CoreData.framework */ = {isa = PBXFileReference; lastKnownFileType = wrapper.framework; name = CoreData.framework; path = System/Library/Frameworks/CoreData.framework; sourceTree = SDKROOT; };
		28BA223218D223690083A8E9 /* AppKit.framework */ = {isa = PBXFileReference; lastKnownFileType = wrapper.framework; name = AppKit.framework; path = System/Library/Frameworks/AppKit.framework; sourceTree = SDKROOT; };
		28BA223518D223690083A8E9 /* Select Random Items-Info.plist */ = {isa = PBXFileReference; lastKnownFileType = text.plist.xml; path = "Select Random Items-Info.plist"; sourceTree = "<group>"; };
		28BA223718D223690083A8E9 /* en */ = {isa = PBXFileReference; lastKnownFileType = text.plist.strings; name = en; path = en.lproj/InfoPlist.strings; sourceTree = "<group>"; };
		28BA223918D223690083A8E9 /* Select_Random_Items.h */ = {isa = PBXFileReference; lastKnownFileType = sourcecode.c.h; path = Select_Random_Items.h; sourceTree = "<group>"; };
		28BA223A18D223690083A8E9 /* Select_Random_Items.m */ = {isa = PBXFileReference; lastKnownFileType = sourcecode.c.objc; path = Select_Random_Items.m; sourceTree = "<group>"; };
		28BA223D18D223690083A8E9 /* Base */ = {isa = PBXFileReference; lastKnownFileType = file.xib; name = Base; path = Base.lproj/main.xib; sourceTree = "<group>"; };
		28BA223F18D223690083A8E9 /* Select Random Items-Prefix.pch */ = {isa = PBXFileReference; lastKnownFileType = sourcecode.c.h; path = "Select Random Items-Prefix.pch"; sourceTree = "<group>"; };
/* End PBXFileReference section */

/* Begin PBXFrameworksBuildPhase section */
		28BA222418D223690083A8E9 /* Frameworks */ = {
			isa = PBXFrameworksBuildPhase;
			buildActionMask = 2147483647;
			files = (
				28BA222E18D223690083A8E9 /* Cocoa.framework in Frameworks */,
				28BA222C18D223690083A8E9 /* Automator.framework in Frameworks */,
			);
			runOnlyForDeploymentPostprocessing = 0;
		};
/* End PBXFrameworksBuildPhase section */

/* Begin PBXGroup section */
		28BA221E18D223690083A8E9 = {
			isa = PBXGroup;
			children = (
				28BA223318D223690083A8E9 /* Select Random Items */,
				28BA222A18D223690083A8E9 /* Frameworks */,
				28BA222918D223690083A8E9 /* Products */,
			);
			sourceTree = "<group>";
		};
		28BA222918D223690083A8E9 /* Products */ = {
			isa = PBXGroup;
			children = (
				28BA222818D223690083A8E9 /* Select Random Items.action */,
			);
			name = Products;
			sourceTree = "<group>";
		};
		28BA222A18D223690083A8E9 /* Frameworks */ = {
			isa = PBXGroup;
			children = (
				28BA222B18D223690083A8E9 /* Automator.framework */,
				28BA222D18D223690083A8E9 /* Cocoa.framework */,
				28BA222F18D223690083A8E9 /* Other Frameworks */,
			);
			name = Frameworks;
			sourceTree = "<group>";
		};
		28BA222F18D223690083A8E9 /* Other Frameworks */ = {
			isa = PBXGroup;
			children = (
				28BA223018D223690083A8E9 /* Foundation.framework */,
				28BA223118D223690083A8E9 /* CoreData.framework */,
				28BA223218D223690083A8E9 /* AppKit.framework */,
			);
			name = "Other Frameworks";
			sourceTree = "<group>";
		};
		28BA223318D223690083A8E9 /* Select Random Items */ = {
			isa = PBXGroup;
			children = (
				28BA223918D223690083A8E9 /* Select_Random_Items.h */,
				28BA223A18D223690083A8E9 /* Select_Random_Items.m */,
				28BA223C18D223690083A8E9 /* main.xib */,
				28BA223418D223690083A8E9 /* Supporting Files */,
			);
			path = "Select Random Items";
			sourceTree = "<group>";
		};
		28BA223418D223690083A8E9 /* Supporting Files */ = {
			isa = PBXGroup;
			children = (
				28BA223518D223690083A8E9 /* Select Random Items-Info.plist */,
				28BA223618D223690083A8E9 /* InfoPlist.strings */,
				28BA223F18D223690083A8E9 /* Select Random Items-Prefix.pch */,
			);
			name = "Supporting Files";
			sourceTree = "<group>";
		};
/* End PBXGroup section */

/* Begin PBXNativeTarget section */
		28BA222718D223690083A8E9 /* Select Random Items */ = {
			isa = PBXNativeTarget;
			buildConfigurationList = 28BA224218D223690083A8E9 /* Build configuration list for PBXNativeTarget "Select Random Items" */;
			buildPhases = (
				28BA222318D223690083A8E9 /* Sources */,
				28BA222418D223690083A8E9 /* Frameworks */,
				28BA222518D223690083A8E9 /* Resources */,
				28BA222618D223690083A8E9 /* ShellScript */,
			);
			buildRules = (
			);
			dependencies = (
			);
			name = "Select Random Items";
			productName = "Select Random Items";
			productReference = 28BA222818D223690083A8E9 /* Select Random Items.action */;
			productType = "com.apple.product-type.bundle";
		};
/* End PBXNativeTarget section */

/* Begin PBXProject section */
		28BA221F18D223690083A8E9 /* Project object */ = {
			isa = PBXProject;
			attributes = {
				LastUpgradeCheck = 0510;
				ORGANIZATIONNAME = "Thomas Chester";
			};
			buildConfigurationList = 28BA222218D223690083A8E9 /* Build configuration list for PBXProject "Select Random Items" */;
			compatibilityVersion = "Xcode 3.2";
			developmentRegion = English;
			hasScannedForEncodings = 0;
			knownRegions = (
				en,
				Base,
			);
			mainGroup = 28BA221E18D223690083A8E9;
			productRefGroup = 28BA222918D223690083A8E9 /* Products */;
			projectDirPath = "";
			projectRoot = "";
			targets = (
				28BA222718D223690083A8E9 /* Select Random Items */,
			);
		};
/* End PBXProject section */

/* Begin PBXResourcesBuildPhase section */
		28BA222518D223690083A8E9 /* Resources */ = {
			isa = PBXResourcesBuildPhase;
			buildActionMask = 2147483647;
			files = (
				28BA223E18D223690083A8E9 /* main.xib in Resources */,
				28BA223818D223690083A8E9 /* InfoPlist.strings in Resources */,
			);
			runOnlyForDeploymentPostprocessing = 0;
		};
/* End PBXResourcesBuildPhase section */

/* Begin PBXShellScriptBuildPhase section */
		28BA222618D223690083A8E9 /* ShellScript */ = {
			isa = PBXShellScriptBuildPhase;
			buildActionMask = 2147483647;
			files = (
			);
			inputPaths = (
			);
			outputPaths = (
			);
			runOnlyForDeploymentPostprocessing = 0;
			shellPath = /bin/sh;
			shellScript = "amlint \"${BUILT_PRODUCTS_DIR}/${FULL_PRODUCT_NAME}\"";
		};
/* End PBXShellScriptBuildPhase section */

/* Begin PBXSourcesBuildPhase section */
		28BA222318D223690083A8E9 /* Sources */ = {
			isa = PBXSourcesBuildPhase;
			buildActionMask = 2147483647;
			files = (
				28BA223B18D223690083A8E9 /* Select_Random_Items.m in Sources */,
			);
			runOnlyForDeploymentPostprocessing = 0;
		};
/* End PBXSourcesBuildPhase section */

/* Begin PBXVariantGroup section */
		28BA223618D223690083A8E9 /* InfoPlist.strings */ = {
			isa = PBXVariantGroup;
			children = (
				28BA223718D223690083A8E9 /* en */,
			);
			name = InfoPlist.strings;
			sourceTree = "<group>";
		};
		28BA223C18D223690083A8E9 /* main.xib */ = {
			isa = PBXVariantGroup;
			children = (
				28BA223D18D223690083A8E9 /* Base */,
			);
			name = main.xib;
			sourceTree = "<group>";
		};
/* End PBXVariantGroup section */

/* Begin XCBuildConfiguration section */
		28BA224018D223690083A8E9 /* Debug */ = {
			isa = XCBuildConfiguration;
			buildSettings = {
				ALWAYS_SEARCH_USER_PATHS = NO;
				CLANG_CXX_LANGUAGE_STANDARD = "gnu++0x";
				CLANG_CXX_LIBRARY = "libc++";
				CLANG_ENABLE_MODULES = YES;
				CLANG_ENABLE_OBJC_ARC = YES;
				CLANG_WARN_BOOL_CONVERSION = YES;
				CLANG_WARN_CONSTANT_CONVERSION = YES;
				CLANG_WARN_DIRECT_OBJC_ISA_USAGE = YES_ERROR;
				CLANG_WARN_EMPTY_BODY = YES;
				CLANG_WARN_ENUM_CONVERSION = YES;
				CLANG_WARN_INT_CONVERSION = YES;
				CLANG_WARN_OBJC_ROOT_CLASS = YES_ERROR;
				CLANG_WARN__DUPLICATE_METHOD_MATCH = YES;
				COPY_PHASE_STRIP = NO;
				GCC_C_LANGUAGE_STANDARD = gnu99;
				GCC_DYNAMIC_NO_PIC = NO;
				GCC_ENABLE_OBJC_EXCEPTIONS = YES;
				GCC_OPTIMIZATION_LEVEL = 0;
				GCC_PREPROCESSOR_DEFINITIONS = (
					"DEBUG=1",
					"$(inherited)",
				);
				GCC_SYMBOLS_PRIVATE_EXTERN = NO;
				GCC_WARN_64_TO_32_BIT_CONVERSION = YES;
				GCC_WARN_ABOUT_RETURN_TYPE = YES_ERROR;
				GCC_WARN_UNDECLARED_SELECTOR = YES;
				GCC_WARN_UNINITIALIZED_AUTOS = YES_AGGRESSIVE;
				GCC_WARN_UNUSED_FUNCTION = YES;
				GCC_WARN_UNUSED_VARIABLE = YES;
				MACOSX_DEPLOYMENT_TARGET = 10.9;
				ONLY_ACTIVE_ARCH = YES;
				SDKROOT = macosx;
			};
			name = Debug;
		};
		28BA224118D223690083A8E9 /* Release */ = {
			isa = XCBuildConfiguration;
			buildSettings = {
				ALWAYS_SEARCH_USER_PATHS = NO;
				CLANG_CXX_LANGUAGE_STANDARD = "gnu++0x";
				CLANG_CXX_LIBRARY = "libc++";
				CLANG_ENABLE_MODULES = YES;
				CLANG_ENABLE_OBJC_ARC = YES;
				CLANG_WARN_BOOL_CONVERSION = YES;
				CLANG_WARN_CONSTANT_CONVERSION = YES;
				CLANG_WARN_DIRECT_OBJC_ISA_USAGE = YES_ERROR;
				CLANG_WARN_EMPTY_BODY = YES;
				CLANG_WARN_ENUM_CONVERSION = YES;
				CLANG_WARN_INT_CONVERSION = YES;
				CLANG_WARN_OBJC_ROOT_CLASS = YES_ERROR;
				CLANG_WARN__DUPLICATE_METHOD_MATCH = YES;
				COPY_PHASE_STRIP = YES;
				DEBUG_INFORMATION_FORMAT = "dwarf-with-dsym";
				ENABLE_NS_ASSERTIONS = NO;
				GCC_C_LANGUAGE_STANDARD = gnu99;
				GCC_ENABLE_OBJC_EXCEPTIONS = YES;
				GCC_WARN_64_TO_32_BIT_CONVERSION = YES;
				GCC_WARN_ABOUT_RETURN_TYPE = YES_ERROR;
				GCC_WARN_UNDECLARED_SELECTOR = YES;
				GCC_WARN_UNINITIALIZED_AUTOS = YES_AGGRESSIVE;
				GCC_WARN_UNUSED_FUNCTION = YES;
				GCC_WARN_UNUSED_VARIABLE = YES;
				MACOSX_DEPLOYMENT_TARGET = 10.9;
				SDKROOT = macosx;
			};
			name = Release;
		};
		28BA224318D223690083A8E9 /* Debug */ = {
			isa = XCBuildConfiguration;
			buildSettings = {
				COMBINE_HIDPI_IMAGES = YES;
				GCC_PRECOMPILE_PREFIX_HEADER = YES;
				GCC_PREFIX_HEADER = "Select Random Items/Select Random Items-Prefix.pch";
				INFOPLIST_FILE = "Select Random Items/Select Random Items-Info.plist";
				INSTALL_PATH = "$(HOME)/Library/Automator";
				OTHER_OSAFLAGS = "-x -t 0 -c 0";
				PRODUCT_NAME = "$(TARGET_NAME)";
				WRAPPER_EXTENSION = action;
			};
			name = Debug;
		};
		28BA224418D223690083A8E9 /* Release */ = {
			isa = XCBuildConfiguration;
			buildSettings = {
				COMBINE_HIDPI_IMAGES = YES;
				GCC_PRECOMPILE_PREFIX_HEADER = YES;
				GCC_PREFIX_HEADER = "Select Random Items/Select Random Items-Prefix.pch";
				INFOPLIST_FILE = "Select Random Items/Select Random Items-Info.plist";
				INSTALL_PATH = "$(HOME)/Library/Automator";
				OTHER_OSAFLAGS = "-x -t 0 -c 0";
				PRODUCT_NAME = "$(TARGET_NAME)";
				WRAPPER_EXTENSION = action;
			};
			name = Release;
		};
/* End XCBuildConfiguration section */

/* Begin XCConfigurationList section */
		28BA222218D223690083A8E9 /* Build configuration list for PBXProject "Select Random Items" */ = {
			isa = XCConfigurationList;
			buildConfigurations = (
				28BA224018D223690083A8E9 /* Debug */,
				28BA224118D223690083A8E9 /* Release */,
			);
			defaultConfigurationIsVisible = 0;
			defaultConfigurationName = Release;
		};
		28BA224218D223690083A8E9 /* Build configuration list for PBXNativeTarget "Select Random Items" */ = {
			isa = XCConfigurationList;
			buildConfigurations = (
				28BA224318D223690083A8E9 /* Debug */,
				28BA224418D223690083A8E9 /* Release */,
			);
			defaultConfigurationIsVisible = 0;
		};
/* End XCConfigurationList section */
	};
	rootObject = 28BA221F18D223690083A8E9 /* Project object */;
}
